github.com/FrameworkOSS/event v0.0.0-20260130010544-90b8eb8f35f7 h1:5EjJrlYyOJkqUj2JU8x7Z3YLUzYNx4O7Q6mzsOqRWFc=
github.com/FrameworkOSS/event v0.0.0-20260130010544-90b8eb8f35f7/go.mod h1:m76NLEFzF5OvDkECeNIOhXr06JYzc0LLE1QYxjDfWsA=
github.com/FrameworkOSS/feature v0.0.0-20260130010709-15fd5a56283c h1:yoR67zVnZd0wTzkMpzm2xC16jfsMzbafIMg4Yn1phUc=
github.com/FrameworkOSS/feature v0.0.0-20260130010709-15fd5a56283c/go.mod h1:Tx/h1pBNup8NFgZ3GL8PQSSvDrPC19kLDAam3+75sC0=
github.com/FrameworkOSS/feature_commands v0.0.0-20260130013210-e86a0ae311d3 h1:NNwzuX0lLMjt1t0mPim4TkU4chEfFccbDwgIKK9GX10=
github.com/FrameworkOSS/feature_commands v0.0.0-20260130013210-e86a0ae311d3/go.mod h1:lkkiIV36oRGAU8ELvX2seAcAKknya23Eyc7aq8rNlzw=
github.com/FrameworkOSS/portal v0.0.0-20260128064008-86f8a0104e4d h1:CjPmUDTYLosI4QMDXbzlAKGv6kgPwz8/HgFxLSCG7r4=
github.com/FrameworkOSS/portal v0.0.0-20260128064008-86f8a0104e4d/go.mod h1:IfeRYR2FUMmnnrdyrTePXWa77sEVICG5LaEpafLRUmI=
github.com/FrameworkOSS/portal v0.0.0-20260130011529-bbc075df972d h1:sTF9ZE9+/eSGs3y8I7jMSNx5R5098nqz+ozmOZgb04k=
github.com/FrameworkOSS/portal v0.0.0-20260130011529-bbc075df972d/go.mod h1:pBnXBIuF5Eup0iVtV4lYUCe8Ds/9i3hAVpDaTBG/9UY=
github.com/JoshuaDoes/crunchio v0.0.4 h1:gHMvTT0rHCITPjhfxZ0huykyAUBnP94xzExyhnHcBCM=
github.com/JoshuaDoes/crunchio v0.0.4/go.mod h1:Zk8lv1MlNNb5WpMcNSr8uBgleoE5G3PpXi6MD3JImOA=
github.com/google/go-cmp v0.5.6 h1:BKbKCqvP6I+rmFHt06ZmyQtvB8xAkWdhFyr0ZUNZcxQ=
github.com/google/go-cmp v0.5.6/go.mod h1:v8dTdLbMG2kIc/vJvl+f65V22dbkXbowE6jgT/gNBxE=
github.com/superwhiskers/crunch/v3 v3.5.7 h1:N9RLxaR65C36i26BUIpzPXGy2f6pQ7wisu2bawbKNqg=
github.com/superwhiskers/crunch/v3 v3.5.7/go.mod h1:4ub2EKgF1MAhTjoOCTU4b9uLMsAweHEa89aRrfAypXA=
