github.com/FrameworkOSS/event v0.0.0-20260130033434-704ddf54a86a h1:NeK3We2878ZMcmzParVuZWtWmpLpn/7f9nSsN/NBS1U=
github.com/FrameworkOSS/event v0.0.0-20260130033434-704ddf54a86a/go.mod h1:yogiglg6d77pycpQUL9sABR++TD0wia1FESzfNNZafM=
github.com/FrameworkOSS/feature v0.0.0-20260130034214-92ef30b17585 h1:lAoGgZunex6I1l8JLlwREo3uX76VwlxOPEb+flFWYsI=
github.com/FrameworkOSS/feature v0.0.0-20260130034214-92ef30b17585/go.mod h1:P6Swi8WhniIXS023W+yidJvRA3sBBGbpY6e4i2WI9R4=
github.com/FrameworkOSS/feature_commands v0.0.0-20260130034245-8edb1c0a4cbb h1:mXAByKEMOQfGTrdJec+JRi12hNMQ5bYR7XIRaqq/YDg=
github.com/FrameworkOSS/feature_commands v0.0.0-20260130034245-8edb1c0a4cbb/go.mod h1:xIkfBs9FVOClu0/JIMC3PDOTzzxnTRDKDVvhgVHldI0=
github.com/FrameworkOSS/portal v0.0.0-20260130032744-63bf40947be4 h1:Orp6xQLuXfjM0u2/5Qr2aWuQrVZHo891rSntoMRPjkE=
github.com/FrameworkOSS/portal v0.0.0-20260130032744-63bf40947be4/go.mod h1:0k/981uEsuCK7USJNGH2sM/of+45Rf9kyPvAkscJc5A=
github.com/FrameworkOSS/wire v0.0.0-20260130033327-5e2cbf86a333 h1:4PwjJK+r4vQIx4nbQx3K9ry4NEnXk4vmj5rbdiPohXM=
github.com/FrameworkOSS/wire v0.0.0-20260130033327-5e2cbf86a333/go.mod h1:ai//uaLV3I6aOTWYPtZnzZFs9lzppuN5GYhZFM7c49k=
github.com/JoshuaDoes/crunchio v0.0.4 h1:gHMvTT0rHCITPjhfxZ0huykyAUBnP94xzExyhnHcBCM=
github.com/JoshuaDoes/crunchio v0.0.4/go.mod h1:Zk8lv1MlNNb5WpMcNSr8uBgleoE5G3PpXi6MD3JImOA=
github.com/google/go-cmp v0.5.6 h1:BKbKCqvP6I+rmFHt06ZmyQtvB8xAkWdhFyr0ZUNZcxQ=
github.com/google/go-cmp v0.5.6/go.mod h1:v8dTdLbMG2kIc/vJvl+f65V22dbkXbowE6jgT/gNBxE=
github.com/superwhiskers/crunch/v3 v3.5.7 h1:N9RLxaR65C36i26BUIpzPXGy2f6pQ7wisu2bawbKNqg=
github.com/superwhiskers/crunch/v3 v3.5.7/go.mod h1:4ub2EKgF1MAhTjoOCTU4b9uLMsAweHEa89aRrfAypXA=
